
Microsoft Visual Studio Solution File, Format Version 12.00
# Visual Studio Version 17
VisualStudioVersion = 17.8.34511.84
MinimumVisualStudioVersion = 10.0.40219.1
Project("{FAE04EC0-301F-11D3-BF4B-00C04F79EFBC}") = "PetsStore.Domain", "PetsStore.Domain\PetsStore.Domain.csproj", "{4864220D-E117-4E91-A3BF-D19BF92D638A}"
EndProject
Project("{FAE04EC0-301F-11D3-BF4B-00C04F79EFBC}") = "PetsStore.WebUI", "PetsStore.WebUI\PetsStore.WebUI.csproj", "{8390367C-132B-4BC0-9C2B-5481ED274783}"
EndProject
Global
	GlobalSection(SolutionConfigurationPlatforms) = preSolution
		Debug|Any CPU = Debug|Any CPU
		Release|Any CPU = Release|Any CPU
	EndGlobalSection
	GlobalSection(ProjectConfigurationPlatforms) = postSolution
		{4864220D-E117-4E91-A3BF-D19BF92D638A}.Debug|Any CPU.ActiveCfg = Debug|Any CPU
		{4864220D-E117-4E91-A3BF-D19BF92D638A}.Debug|Any CPU.Build.0 = Debug|Any CPU
		{4864220D-E117-4E91-A3BF-D19BF92D638A}.Release|Any CPU.ActiveCfg = Release|Any CPU
		{4864220D-E117-4E91-A3BF-D19BF92D638A}.Release|Any CPU.Build.0 = Release|Any CPU
		{8390367C-132B-4BC0-9C2B-5481ED274783}.Debug|Any CPU.ActiveCfg = Debug|Any CPU
		{8390367C-132B-4BC0-9C2B-5481ED274783}.Debug|Any CPU.Build.0 = Debug|Any CPU
		{8390367C-132B-4BC0-9C2B-5481ED274783}.Release|Any CPU.ActiveCfg = Release|Any CPU
		{8390367C-132B-4BC0-9C2B-5481ED274783}.Release|Any CPU.Build.0 = Release|Any CPU
	EndGlobalSection
	GlobalSection(SolutionProperties) = preSolution
		HideSolutionNode = FALSE
	EndGlobalSection
	GlobalSection(ExtensibilityGlobals) = postSolution
		SolutionGuid = {B1705C53-F255-4F9D-A38F-DEB60FC35BC0}
	EndGlobalSection
EndGlobal
